
Microsoft Visual Studio Solution File, Format Version 12.00
# Visual Studio Version 17
VisualStudioVersion = 17.4.33213.308
MinimumVisualStudioVersion = 10.0.40219.1
Project("{2150E333-8FDC-42A3-9474-1A3956D46DE8}") = "src", "src", "{AF6EC0BA-F5DC-4FCD-9463-4543F4370A4E}"
EndProject
Project("{2150E333-8FDC-42A3-9474-1A3956D46DE8}") = "Core", "Core", "{BA4D6573-6521-4561-8396-EDF29B743FE9}"
EndProject
Project("{2150E333-8FDC-42A3-9474-1A3956D46DE8}") = "Application", "Application", "{C600B5A7-894F-44FD-8627-D0D898A2DDE0}"
EndProject
Project("{9A19103F-16F7-4668-BE54-9A1E7A4F7556}") = "OnlineShop.Application", "src\Core\Application\OnlineShop.Application\OnlineShop.Application.csproj", "{F6C721DA-A120-4CBB-9CC9-6A92F55D9793}"
EndProject
Project("{2150E333-8FDC-42A3-9474-1A3956D46DE8}") = "Domain", "Domain", "{5B710AF4-C363-4D49-9D62-4E046FB53BD4}"
EndProject
Project("{2150E333-8FDC-42A3-9474-1A3956D46DE8}") = "DistributedLock", "DistributedLock", "{209FC6B1-AB2B-46BD-B9D0-7F0480547237}"
EndProject
Project("{9A19103F-16F7-4668-BE54-9A1E7A4F7556}") = "OnlineShop.Domain", "src\Core\Domain\OnlineShop.Domain\OnlineShop.Domain.csproj", "{27490A82-780A-43EF-8BC3-3A998E1CE5D8}"
EndProject
Project("{9A19103F-16F7-4668-BE54-9A1E7A4F7556}") = "OnlineShop.DistributedLock", "src\Core\DistributedLock\OnlineShop.DistributedLock\OnlineShop.DistributedLock.csproj", "{14404D17-DEE4-4ADE-9A14-DE9A93D335B9}"
EndProject
Project("{2150E333-8FDC-42A3-9474-1A3956D46DE8}") = "Integration", "Integration", "{F5779B7E-D50F-4E77-9AB0-F1B4588611D4}"
EndProject
Project("{9A19103F-16F7-4668-BE54-9A1E7A4F7556}") = "OnlineShop.Integration", "src\Core\Integration\OnlineShop.Integration\OnlineShop.Integration.csproj", "{2EBBD4DD-091C-4C08-9C03-3656EF7E887E}"
EndProject
Project("{2150E333-8FDC-42A3-9474-1A3956D46DE8}") = "Persistence", "Persistence", "{D05CAC8F-111D-48BA-9D27-FAA675C5E37A}"
EndProject
Project("{9A19103F-16F7-4668-BE54-9A1E7A4F7556}") = "OnlineShop.Persistence.Repository", "src\Core\Persistence\OnlineShop.Persistence.Repository\OnlineShop.Persistence.Repository.csproj", "{C11886BE-69CA-4021-9220-855EF3F9D82D}"
EndProject
Project("{9A19103F-16F7-4668-BE54-9A1E7A4F7556}") = "OnlineShop.Persistence.Repository.EfCore", "src\Core\Persistence\OnlineShop.Persistence.Repository.EfCore\OnlineShop.Persistence.Repository.EfCore.csproj", "{6300CF43-ACAD-46B6-8A39-F3E814593CB4}"
EndProject
Project("{9A19103F-16F7-4668-BE54-9A1E7A4F7556}") = "OnlineShop.Persistence.Repository.Mongo", "src\Core\Persistence\OnlineShop.Persistence.Repository.Mongo\OnlineShop.Persistence.Repository.Mongo.csproj", "{C99C3DF4-FE54-4CBD-8BCD-5834052764EC}"
EndProject
Project("{2150E333-8FDC-42A3-9474-1A3956D46DE8}") = "WebApi", "WebApi", "{75D0A933-3DA3-4F4C-91B2-6641325D74F0}"
EndProject
Project("{9A19103F-16F7-4668-BE54-9A1E7A4F7556}") = "OnlineShop.WebApi", "src\Core\WebApi\OnlineShop.WebApi\OnlineShop.WebApi.csproj", "{27FA3CF9-A09D-4610-85AF-35C91829F3AC}"
EndProject
Project("{2150E333-8FDC-42A3-9474-1A3956D46DE8}") = "Services", "Services", "{65478ABB-8AF4-4905-81A7-C402696CC2FE}"
EndProject
Project("{2150E333-8FDC-42A3-9474-1A3956D46DE8}") = "Product", "Product", "{2F07D41A-CAC0-46AD-B5CC-9CA8A7C82366}"
EndProject
Project("{2150E333-8FDC-42A3-9474-1A3956D46DE8}") = "Core", "Core", "{114F5AC3-FA3D-4FFB-8894-531B46875940}"
EndProject
Project("{9A19103F-16F7-4668-BE54-9A1E7A4F7556}") = "OnlineShop.Product.Domain", "src\Services\Product\Core\OnlineShop.Product.Domain\OnlineShop.Product.Domain.csproj", "{4A823FF2-8600-4674-9528-CFB1F6D2FECF}"
EndProject
Project("{9A19103F-16F7-4668-BE54-9A1E7A4F7556}") = "OnlineShop.Product.Application", "src\Services\Product\Core\OnlineShop.Product.Application\OnlineShop.Product.Application.csproj", "{6765EFBE-FB3F-4240-8DC0-0128E0893DC4}"
EndProject
Project("{2150E333-8FDC-42A3-9474-1A3956D46DE8}") = "Infrastructure", "Infrastructure", "{DFD6291F-ED34-43FE-8CEF-66006653B60C}"
EndProject
Project("{9A19103F-16F7-4668-BE54-9A1E7A4F7556}") = "OnlineShop.Product.Persistence", "src\Services\Product\Infrastructure\OnlineShop.Product.Persistence\OnlineShop.Product.Persistence.csproj", "{52004C5A-C05C-464A-BB8B-12373640D95C}"
EndProject
Project("{2150E333-8FDC-42A3-9474-1A3956D46DE8}") = "WebApi", "WebApi", "{C9DBF4F0-C931-474D-A6E3-78A8E6FE4D1D}"
EndProject
Project("{9A19103F-16F7-4668-BE54-9A1E7A4F7556}") = "OnlineShop.Product.WebApi", "src\Services\Product\WebApi\OnlineShop.Product.WebApi\OnlineShop.Product.WebApi.csproj", "{32A4BCA8-5954-492A-A350-5221E08DA54D}"
EndProject
Project("{E53339B2-1760-4266-BCC7-CA923CBCF16C}") = "docker-compose", "docker-compose.dcproj", "{28B4D08E-7C9F-45E6-A8DF-AFFE6B594BDE}"
EndProject
Project("{2150E333-8FDC-42A3-9474-1A3956D46DE8}") = "Order", "Order", "{7A035DFB-0546-4E2F-8694-E6AAA0E98DA6}"
EndProject
Project("{2150E333-8FDC-42A3-9474-1A3956D46DE8}") = "Core", "Core", "{A7826174-308C-42AB-9F66-FDB01F123AA9}"
EndProject
Project("{2150E333-8FDC-42A3-9474-1A3956D46DE8}") = "Infrastructure", "Infrastructure", "{2E58B73E-B216-448F-B24B-75BC7897F583}"
EndProject
Project("{2150E333-8FDC-42A3-9474-1A3956D46DE8}") = "WebApi", "WebApi", "{ECD46BAB-E54E-43E8-843C-3E0D34853EE8}"
EndProject
Project("{9A19103F-16F7-4668-BE54-9A1E7A4F7556}") = "OnlineShop.Order.Domain", "src\Services\Order\Core\OnlineShop.Order.Domain\OnlineShop.Order.Domain.csproj", "{F3FEAC81-9076-4E9B-AD19-68CDA422023C}"
EndProject
Project("{9A19103F-16F7-4668-BE54-9A1E7A4F7556}") = "OnlineShop.Order.Application", "src\Services\Order\Core\OnlineShop.Order.Application\OnlineShop.Order.Application.csproj", "{E498BA8C-6943-41B0-9E1B-DE3B6901EF7E}"
EndProject
Project("{9A19103F-16F7-4668-BE54-9A1E7A4F7556}") = "OnlineShop.Order.Persistence", "src\Services\Order\Infrastructure\OnlineShop.Order.Persistence\OnlineShop.Order.Persistence.csproj", "{4A9E7483-F154-4F56-9D08-CADA967650F0}"
EndProject
Project("{9A19103F-16F7-4668-BE54-9A1E7A4F7556}") = "OnlineShop.Order.IntegrationEvent", "src\Services\Order\Infrastructure\OnlineShop.Order.IntegrationEvent\OnlineShop.Order.IntegrationEvent.csproj", "{EF759A57-6749-425E-804A-7650BE249364}"
EndProject
Project("{9A19103F-16F7-4668-BE54-9A1E7A4F7556}") = "OnlineShop.Order.WebApi", "src\Services\Order\WebApi\OnlineShop.Order.WebApi\OnlineShop.Order.WebApi.csproj", "{CAB67B81-DD1E-49A7-839E-3352205CEB22}"
EndProject
Project("{9A19103F-16F7-4668-BE54-9A1E7A4F7556}") = "OnlineShop.Order.Integration", "src\Services\Order\Infrastructure\OnlineShop.Order.Integration\OnlineShop.Order.Integration.csproj", "{75218035-1D04-4F8E-A0F5-1A485436E79F}"
EndProject
Project("{9A19103F-16F7-4668-BE54-9A1E7A4F7556}") = "OnlineShop.Product.Integration", "src\Services\Product\Infrastructure\OnlineShop.Product.Integration\OnlineShop.Product.Integration.csproj", "{1E8D9BE6-CA30-4FED-A3E9-DC1F74F6290D}"
EndProject
Project("{9A19103F-16F7-4668-BE54-9A1E7A4F7556}") = "OnlineShop.Product.IntegrationEvents", "src\Services\Product\Infrastructure\OnlineShop.Product.IntegrationEvents\OnlineShop.Product.IntegrationEvents.csproj", "{BCA8F8FC-D8EE-46ED-B055-1D6A8E0B8479}"
EndProject
Project("{2150E333-8FDC-42A3-9474-1A3956D46DE8}") = "Customer", "Customer", "{88C7F527-8421-489C-9E4A-F0D51B8F732E}"
EndProject
Project("{2150E333-8FDC-42A3-9474-1A3956D46DE8}") = "Core", "Core", "{6F9D5E5D-8EEB-40A5-AD6C-3752EA2EEAA7}"
EndProject
Project("{2150E333-8FDC-42A3-9474-1A3956D46DE8}") = "Infrastructure", "Infrastructure", "{FBC91003-0182-4E77-8439-2CD970BC82DC}"
EndProject
Project("{2150E333-8FDC-42A3-9474-1A3956D46DE8}") = "WebApi", "WebApi", "{AFB7C747-44B4-4D0E-9CB8-29E5FC4B29A8}"
EndProject
Project("{9A19103F-16F7-4668-BE54-9A1E7A4F7556}") = "OnlineShop.Customer.Domain", "src\Services\Customer\Core\OnlineShop.Customer.Domain\OnlineShop.Customer.Domain.csproj", "{5DAF9C90-5DA7-47C7-8F59-E9A6382C268F}"
EndProject
Project("{9A19103F-16F7-4668-BE54-9A1E7A4F7556}") = "OnlineShop.Customer.Application", "src\Services\Customer\Core\OnlineShop.Customer.Application\OnlineShop.Customer.Application.csproj", "{5D5CE389-4072-4067-A236-69CDBA8FF152}"
EndProject
Project("{9A19103F-16F7-4668-BE54-9A1E7A4F7556}") = "OnlineShop.Customer.Persistence", "src\Services\Customer\Infrastructure\OnlineShop.Customer.Persistence\OnlineShop.Customer.Persistence.csproj", "{ECD284EF-9953-4C34-9675-EAD44A2A4ADC}"
EndProject
Project("{9A19103F-16F7-4668-BE54-9A1E7A4F7556}") = "OnlineShop.Customer.WebApi", "src\Services\Customer\WebApi\OnlineShop.Customer.WebApi\OnlineShop.Customer.WebApi.csproj", "{7A2226D9-1230-41ED-B837-8DB97B8B1EA7}"
EndProject
Project("{2150E333-8FDC-42A3-9474-1A3956D46DE8}") = "Workers", "Workers", "{64984AE1-BD7B-4EBB-AF06-E84C4A210199}"
EndProject
Project("{9A19103F-16F7-4668-BE54-9A1E7A4F7556}") = "OrderReflectionService", "src\Workers\OrderReflectionService\OrderReflectionService.csproj", "{14F1C665-9881-41D2-B35C-1C8C13ED5D5D}"
EndProject
Project("{9A19103F-16F7-4668-BE54-9A1E7A4F7556}") = "OnlineShop.ElasticSearchService", "src\Core\Persistence\OnlineShop.ElasticSearchService\OnlineShop.ElasticSearchService.csproj", "{9519C9E6-A3D7-4B24-A3DA-725496E718D4}"
EndProject
Project("{2150E333-8FDC-42A3-9474-1A3956D46DE8}") = "ExternalServices", "ExternalServices", "{6EBD0DE9-2CC0-43BC-BC36-F6422E28A6FE}"
EndProject
Project("{2150E333-8FDC-42A3-9474-1A3956D46DE8}") = "Order", "Order", "{C5E44557-7F8F-45F2-90BC-C5BECBE492D9}"
EndProject
Project("{2150E333-8FDC-42A3-9474-1A3956D46DE8}") = "Core", "Core", "{D1F91B7C-756A-40EE-A38F-208F9F769309}"
EndProject
Project("{9A19103F-16F7-4668-BE54-9A1E7A4F7556}") = "OnlineShop.External.Order.Application", "src\ExternalServices\Order\Core\OnlineShop.External.Order.Application\OnlineShop.External.Order.Application.csproj", "{A26702C3-0F81-4733-B58A-04AF8468D68A}"
EndProject
Project("{2150E333-8FDC-42A3-9474-1A3956D46DE8}") = "Infrastructure", "Infrastructure", "{41A08B90-289B-40A5-AF50-E3FED6FE7680}"
EndProject
Project("{2150E333-8FDC-42A3-9474-1A3956D46DE8}") = "WebApi", "WebApi", "{04B5F883-6C64-489F-97D1-B5B2A48B0233}"
EndProject
Project("{9A19103F-16F7-4668-BE54-9A1E7A4F7556}") = "OnlineShop.External.Order.WebApi", "src\ExternalServices\Order\WebApi\OnlineShop.External.Order.WebApi\OnlineShop.External.Order.WebApi.csproj", "{CD92A949-3739-4E31-BA5E-39F39DCA0A24}"
EndProject
Project("{9A19103F-16F7-4668-BE54-9A1E7A4F7556}") = "OnlineShop.External.Order.Persistence", "src\ExternalServices\Order\Infrastructure\OnlineShop.External.Order.Persistence\OnlineShop.External.Order.Persistence.csproj", "{BEECD051-7E93-4ACF-A8C6-F94F2BF6128D}"
EndProject
Global
	GlobalSection(SolutionConfigurationPlatforms) = preSolution
		Debug|Any CPU = Debug|Any CPU
		Release|Any CPU = Release|Any CPU
	EndGlobalSection
	GlobalSection(ProjectConfigurationPlatforms) = postSolution
		{F6C721DA-A120-4CBB-9CC9-6A92F55D9793}.Debug|Any CPU.ActiveCfg = Debug|Any CPU
		{F6C721DA-A120-4CBB-9CC9-6A92F55D9793}.Debug|Any CPU.Build.0 = Debug|Any CPU
		{F6C721DA-A120-4CBB-9CC9-6A92F55D9793}.Release|Any CPU.ActiveCfg = Release|Any CPU
		{F6C721DA-A120-4CBB-9CC9-6A92F55D9793}.Release|Any CPU.Build.0 = Release|Any CPU
		{27490A82-780A-43EF-8BC3-3A998E1CE5D8}.Debug|Any CPU.ActiveCfg = Debug|Any CPU
		{27490A82-780A-43EF-8BC3-3A998E1CE5D8}.Debug|Any CPU.Build.0 = Debug|Any CPU
		{27490A82-780A-43EF-8BC3-3A998E1CE5D8}.Release|Any CPU.ActiveCfg = Release|Any CPU
		{27490A82-780A-43EF-8BC3-3A998E1CE5D8}.Release|Any CPU.Build.0 = Release|Any CPU
		{14404D17-DEE4-4ADE-9A14-DE9A93D335B9}.Debug|Any CPU.ActiveCfg = Debug|Any CPU
		{14404D17-DEE4-4ADE-9A14-DE9A93D335B9}.Debug|Any CPU.Build.0 = Debug|Any CPU
		{14404D17-DEE4-4ADE-9A14-DE9A93D335B9}.Release|Any CPU.ActiveCfg = Release|Any CPU
		{14404D17-DEE4-4ADE-9A14-DE9A93D335B9}.Release|Any CPU.Build.0 = Release|Any CPU
		{2EBBD4DD-091C-4C08-9C03-3656EF7E887E}.Debug|Any CPU.ActiveCfg = Debug|Any CPU
		{2EBBD4DD-091C-4C08-9C03-3656EF7E887E}.Debug|Any CPU.Build.0 = Debug|Any CPU
		{2EBBD4DD-091C-4C08-9C03-3656EF7E887E}.Release|Any CPU.ActiveCfg = Release|Any CPU
		{2EBBD4DD-091C-4C08-9C03-3656EF7E887E}.Release|Any CPU.Build.0 = Release|Any CPU
		{C11886BE-69CA-4021-9220-855EF3F9D82D}.Debug|Any CPU.ActiveCfg = Debug|Any CPU
		{C11886BE-69CA-4021-9220-855EF3F9D82D}.Debug|Any CPU.Build.0 = Debug|Any CPU
		{C11886BE-69CA-4021-9220-855EF3F9D82D}.Release|Any CPU.ActiveCfg = Release|Any CPU
		{C11886BE-69CA-4021-9220-855EF3F9D82D}.Release|Any CPU.Build.0 = Release|Any CPU
		{6300CF43-ACAD-46B6-8A39-F3E814593CB4}.Debug|Any CPU.ActiveCfg = Debug|Any CPU
		{6300CF43-ACAD-46B6-8A39-F3E814593CB4}.Debug|Any CPU.Build.0 = Debug|Any CPU
		{6300CF43-ACAD-46B6-8A39-F3E814593CB4}.Release|Any CPU.ActiveCfg = Release|Any CPU
		{6300CF43-ACAD-46B6-8A39-F3E814593CB4}.Release|Any CPU.Build.0 = Release|Any CPU
		{C99C3DF4-FE54-4CBD-8BCD-5834052764EC}.Debug|Any CPU.ActiveCfg = Debug|Any CPU
		{C99C3DF4-FE54-4CBD-8BCD-5834052764EC}.Debug|Any CPU.Build.0 = Debug|Any CPU
		{C99C3DF4-FE54-4CBD-8BCD-5834052764EC}.Release|Any CPU.ActiveCfg = Release|Any CPU
		{C99C3DF4-FE54-4CBD-8BCD-5834052764EC}.Release|Any CPU.Build.0 = Release|Any CPU
		{27FA3CF9-A09D-4610-85AF-35C91829F3AC}.Debug|Any CPU.ActiveCfg = Debug|Any CPU
		{27FA3CF9-A09D-4610-85AF-35C91829F3AC}.Debug|Any CPU.Build.0 = Debug|Any CPU
		{27FA3CF9-A09D-4610-85AF-35C91829F3AC}.Release|Any CPU.ActiveCfg = Release|Any CPU
		{27FA3CF9-A09D-4610-85AF-35C91829F3AC}.Release|Any CPU.Build.0 = Release|Any CPU
		{4A823FF2-8600-4674-9528-CFB1F6D2FECF}.Debug|Any CPU.ActiveCfg = Debug|Any CPU
		{4A823FF2-8600-4674-9528-CFB1F6D2FECF}.Debug|Any CPU.Build.0 = Debug|Any CPU
		{4A823FF2-8600-4674-9528-CFB1F6D2FECF}.Release|Any CPU.ActiveCfg = Release|Any CPU
		{4A823FF2-8600-4674-9528-CFB1F6D2FECF}.Release|Any CPU.Build.0 = Release|Any CPU
		{6765EFBE-FB3F-4240-8DC0-0128E0893DC4}.Debug|Any CPU.ActiveCfg = Debug|Any CPU
		{6765EFBE-FB3F-4240-8DC0-0128E0893DC4}.Debug|Any CPU.Build.0 = Debug|Any CPU
		{6765EFBE-FB3F-4240-8DC0-0128E0893DC4}.Release|Any CPU.ActiveCfg = Release|Any CPU
		{6765EFBE-FB3F-4240-8DC0-0128E0893DC4}.Release|Any CPU.Build.0 = Release|Any CPU
		{52004C5A-C05C-464A-BB8B-12373640D95C}.Debug|Any CPU.ActiveCfg = Debug|Any CPU
		{52004C5A-C05C-464A-BB8B-12373640D95C}.Debug|Any CPU.Build.0 = Debug|Any CPU
		{52004C5A-C05C-464A-BB8B-12373640D95C}.Release|Any CPU.ActiveCfg = Release|Any CPU
		{52004C5A-C05C-464A-BB8B-12373640D95C}.Release|Any CPU.Build.0 = Release|Any CPU
		{32A4BCA8-5954-492A-A350-5221E08DA54D}.Debug|Any CPU.ActiveCfg = Debug|Any CPU
		{32A4BCA8-5954-492A-A350-5221E08DA54D}.Debug|Any CPU.Build.0 = Debug|Any CPU
		{32A4BCA8-5954-492A-A350-5221E08DA54D}.Release|Any CPU.ActiveCfg = Release|Any CPU
		{32A4BCA8-5954-492A-A350-5221E08DA54D}.Release|Any CPU.Build.0 = Release|Any CPU
		{28B4D08E-7C9F-45E6-A8DF-AFFE6B594BDE}.Debug|Any CPU.ActiveCfg = Debug|Any CPU
		{28B4D08E-7C9F-45E6-A8DF-AFFE6B594BDE}.Debug|Any CPU.Build.0 = Debug|Any CPU
		{28B4D08E-7C9F-45E6-A8DF-AFFE6B594BDE}.Release|Any CPU.ActiveCfg = Release|Any CPU
		{28B4D08E-7C9F-45E6-A8DF-AFFE6B594BDE}.Release|Any CPU.Build.0 = Release|Any CPU
		{F3FEAC81-9076-4E9B-AD19-68CDA422023C}.Debug|Any CPU.ActiveCfg = Debug|Any CPU
		{F3FEAC81-9076-4E9B-AD19-68CDA422023C}.Debug|Any CPU.Build.0 = Debug|Any CPU
		{F3FEAC81-9076-4E9B-AD19-68CDA422023C}.Release|Any CPU.ActiveCfg = Release|Any CPU
		{F3FEAC81-9076-4E9B-AD19-68CDA422023C}.Release|Any CPU.Build.0 = Release|Any CPU
		{E498BA8C-6943-41B0-9E1B-DE3B6901EF7E}.Debug|Any CPU.ActiveCfg = Debug|Any CPU
		{E498BA8C-6943-41B0-9E1B-DE3B6901EF7E}.Debug|Any CPU.Build.0 = Debug|Any CPU
		{E498BA8C-6943-41B0-9E1B-DE3B6901EF7E}.Release|Any CPU.ActiveCfg = Release|Any CPU
		{E498BA8C-6943-41B0-9E1B-DE3B6901EF7E}.Release|Any CPU.Build.0 = Release|Any CPU
		{4A9E7483-F154-4F56-9D08-CADA967650F0}.Debug|Any CPU.ActiveCfg = Debug|Any CPU
		{4A9E7483-F154-4F56-9D08-CADA967650F0}.Debug|Any CPU.Build.0 = Debug|Any CPU
		{4A9E7483-F154-4F56-9D08-CADA967650F0}.Release|Any CPU.ActiveCfg = Release|Any CPU
		{4A9E7483-F154-4F56-9D08-CADA967650F0}.Release|Any CPU.Build.0 = Release|Any CPU
		{EF759A57-6749-425E-804A-7650BE249364}.Debug|Any CPU.ActiveCfg = Debug|Any CPU
		{EF759A57-6749-425E-804A-7650BE249364}.Debug|Any CPU.Build.0 = Debug|Any CPU
		{EF759A57-6749-425E-804A-7650BE249364}.Release|Any CPU.ActiveCfg = Release|Any CPU
		{EF759A57-6749-425E-804A-7650BE249364}.Release|Any CPU.Build.0 = Release|Any CPU
		{CAB67B81-DD1E-49A7-839E-3352205CEB22}.Debug|Any CPU.ActiveCfg = Debug|Any CPU
		{CAB67B81-DD1E-49A7-839E-3352205CEB22}.Debug|Any CPU.Build.0 = Debug|Any CPU
		{CAB67B81-DD1E-49A7-839E-3352205CEB22}.Release|Any CPU.ActiveCfg = Release|Any CPU
		{CAB67B81-DD1E-49A7-839E-3352205CEB22}.Release|Any CPU.Build.0 = Release|Any CPU
		{75218035-1D04-4F8E-A0F5-1A485436E79F}.Debug|Any CPU.ActiveCfg = Debug|Any CPU
		{75218035-1D04-4F8E-A0F5-1A485436E79F}.Debug|Any CPU.Build.0 = Debug|Any CPU
		{75218035-1D04-4F8E-A0F5-1A485436E79F}.Release|Any CPU.ActiveCfg = Release|Any CPU
		{75218035-1D04-4F8E-A0F5-1A485436E79F}.Release|Any CPU.Build.0 = Release|Any CPU
		{1E8D9BE6-CA30-4FED-A3E9-DC1F74F6290D}.Debug|Any CPU.ActiveCfg = Debug|Any CPU
		{1E8D9BE6-CA30-4FED-A3E9-DC1F74F6290D}.Debug|Any CPU.Build.0 = Debug|Any CPU
		{1E8D9BE6-CA30-4FED-A3E9-DC1F74F6290D}.Release|Any CPU.ActiveCfg = Release|Any CPU
		{1E8D9BE6-CA30-4FED-A3E9-DC1F74F6290D}.Release|Any CPU.Build.0 = Release|Any CPU
		{BCA8F8FC-D8EE-46ED-B055-1D6A8E0B8479}.Debug|Any CPU.ActiveCfg = Debug|Any CPU
		{BCA8F8FC-D8EE-46ED-B055-1D6A8E0B8479}.Debug|Any CPU.Build.0 = Debug|Any CPU
		{BCA8F8FC-D8EE-46ED-B055-1D6A8E0B8479}.Release|Any CPU.ActiveCfg = Release|Any CPU
		{BCA8F8FC-D8EE-46ED-B055-1D6A8E0B8479}.Release|Any CPU.Build.0 = Release|Any CPU
		{5DAF9C90-5DA7-47C7-8F59-E9A6382C268F}.Debug|Any CPU.ActiveCfg = Debug|Any CPU
		{5DAF9C90-5DA7-47C7-8F59-E9A6382C268F}.Debug|Any CPU.Build.0 = Debug|Any CPU
		{5DAF9C90-5DA7-47C7-8F59-E9A6382C268F}.Release|Any CPU.ActiveCfg = Release|Any CPU
		{5DAF9C90-5DA7-47C7-8F59-E9A6382C268F}.Release|Any CPU.Build.0 = Release|Any CPU
		{5D5CE389-4072-4067-A236-69CDBA8FF152}.Debug|Any CPU.ActiveCfg = Debug|Any CPU
		{5D5CE389-4072-4067-A236-69CDBA8FF152}.Debug|Any CPU.Build.0 = Debug|Any CPU
		{5D5CE389-4072-4067-A236-69CDBA8FF152}.Release|Any CPU.ActiveCfg = Release|Any CPU
		{5D5CE389-4072-4067-A236-69CDBA8FF152}.Release|Any CPU.Build.0 = Release|Any CPU
		{ECD284EF-9953-4C34-9675-EAD44A2A4ADC}.Debug|Any CPU.ActiveCfg = Debug|Any CPU
		{ECD284EF-9953-4C34-9675-EAD44A2A4ADC}.Debug|Any CPU.Build.0 = Debug|Any CPU
		{ECD284EF-9953-4C34-9675-EAD44A2A4ADC}.Release|Any CPU.ActiveCfg = Release|Any CPU
		{ECD284EF-9953-4C34-9675-EAD44A2A4ADC}.Release|Any CPU.Build.0 = Release|Any CPU
		{7A2226D9-1230-41ED-B837-8DB97B8B1EA7}.Debug|Any CPU.ActiveCfg = Debug|Any CPU
		{7A2226D9-1230-41ED-B837-8DB97B8B1EA7}.Debug|Any CPU.Build.0 = Debug|Any CPU
		{7A2226D9-1230-41ED-B837-8DB97B8B1EA7}.Release|Any CPU.ActiveCfg = Release|Any CPU
		{7A2226D9-1230-41ED-B837-8DB97B8B1EA7}.Release|Any CPU.Build.0 = Release|Any CPU
		{14F1C665-9881-41D2-B35C-1C8C13ED5D5D}.Debug|Any CPU.ActiveCfg = Debug|Any CPU
		{14F1C665-9881-41D2-B35C-1C8C13ED5D5D}.Debug|Any CPU.Build.0 = Debug|Any CPU
		{14F1C665-9881-41D2-B35C-1C8C13ED5D5D}.Release|Any CPU.ActiveCfg = Release|Any CPU
		{14F1C665-9881-41D2-B35C-1C8C13ED5D5D}.Release|Any CPU.Build.0 = Release|Any CPU
		{9519C9E6-A3D7-4B24-A3DA-725496E718D4}.Debug|Any CPU.ActiveCfg = Debug|Any CPU
		{9519C9E6-A3D7-4B24-A3DA-725496E718D4}.Debug|Any CPU.Build.0 = Debug|Any CPU
		{9519C9E6-A3D7-4B24-A3DA-725496E718D4}.Release|Any CPU.ActiveCfg = Release|Any CPU
		{9519C9E6-A3D7-4B24-A3DA-725496E718D4}.Release|Any CPU.Build.0 = Release|Any CPU
		{A26702C3-0F81-4733-B58A-04AF8468D68A}.Debug|Any CPU.ActiveCfg = Debug|Any CPU
		{A26702C3-0F81-4733-B58A-04AF8468D68A}.Debug|Any CPU.Build.0 = Debug|Any CPU
		{A26702C3-0F81-4733-B58A-04AF8468D68A}.Release|Any CPU.ActiveCfg = Release|Any CPU
		{A26702C3-0F81-4733-B58A-04AF8468D68A}.Release|Any CPU.Build.0 = Release|Any CPU
		{CD92A949-3739-4E31-BA5E-39F39DCA0A24}.Debug|Any CPU.ActiveCfg = Debug|Any CPU
		{CD92A949-3739-4E31-BA5E-39F39DCA0A24}.Debug|Any CPU.Build.0 = Debug|Any CPU
		{CD92A949-3739-4E31-BA5E-39F39DCA0A24}.Release|Any CPU.ActiveCfg = Release|Any CPU
		{CD92A949-3739-4E31-BA5E-39F39DCA0A24}.Release|Any CPU.Build.0 = Release|Any CPU
		{BEECD051-7E93-4ACF-A8C6-F94F2BF6128D}.Debug|Any CPU.ActiveCfg = Debug|Any CPU
		{BEECD051-7E93-4ACF-A8C6-F94F2BF6128D}.Debug|Any CPU.Build.0 = Debug|Any CPU
		{BEECD051-7E93-4ACF-A8C6-F94F2BF6128D}.Release|Any CPU.ActiveCfg = Release|Any CPU
		{BEECD051-7E93-4ACF-A8C6-F94F2BF6128D}.Release|Any CPU.Build.0 = Release|Any CPU
	EndGlobalSection
	GlobalSection(SolutionProperties) = preSolution
		HideSolutionNode = FALSE
	EndGlobalSection
	GlobalSection(NestedProjects) = preSolution
		{BA4D6573-6521-4561-8396-EDF29B743FE9} = {AF6EC0BA-F5DC-4FCD-9463-4543F4370A4E}
		{C600B5A7-894F-44FD-8627-D0D898A2DDE0} = {BA4D6573-6521-4561-8396-EDF29B743FE9}
		{F6C721DA-A120-4CBB-9CC9-6A92F55D9793} = {C600B5A7-894F-44FD-8627-D0D898A2DDE0}
		{5B710AF4-C363-4D49-9D62-4E046FB53BD4} = {BA4D6573-6521-4561-8396-EDF29B743FE9}
		{209FC6B1-AB2B-46BD-B9D0-7F0480547237} = {BA4D6573-6521-4561-8396-EDF29B743FE9}
		{27490A82-780A-43EF-8BC3-3A998E1CE5D8} = {5B710AF4-C363-4D49-9D62-4E046FB53BD4}
		{14404D17-DEE4-4ADE-9A14-DE9A93D335B9} = {209FC6B1-AB2B-46BD-B9D0-7F0480547237}
		{F5779B7E-D50F-4E77-9AB0-F1B4588611D4} = {BA4D6573-6521-4561-8396-EDF29B743FE9}
		{2EBBD4DD-091C-4C08-9C03-3656EF7E887E} = {F5779B7E-D50F-4E77-9AB0-F1B4588611D4}
		{D05CAC8F-111D-48BA-9D27-FAA675C5E37A} = {BA4D6573-6521-4561-8396-EDF29B743FE9}
		{C11886BE-69CA-4021-9220-855EF3F9D82D} = {D05CAC8F-111D-48BA-9D27-FAA675C5E37A}
		{6300CF43-ACAD-46B6-8A39-F3E814593CB4} = {D05CAC8F-111D-48BA-9D27-FAA675C5E37A}
		{C99C3DF4-FE54-4CBD-8BCD-5834052764EC} = {D05CAC8F-111D-48BA-9D27-FAA675C5E37A}
		{75D0A933-3DA3-4F4C-91B2-6641325D74F0} = {BA4D6573-6521-4561-8396-EDF29B743FE9}
		{27FA3CF9-A09D-4610-85AF-35C91829F3AC} = {75D0A933-3DA3-4F4C-91B2-6641325D74F0}
		{65478ABB-8AF4-4905-81A7-C402696CC2FE} = {AF6EC0BA-F5DC-4FCD-9463-4543F4370A4E}
		{2F07D41A-CAC0-46AD-B5CC-9CA8A7C82366} = {65478ABB-8AF4-4905-81A7-C402696CC2FE}
		{114F5AC3-FA3D-4FFB-8894-531B46875940} = {2F07D41A-CAC0-46AD-B5CC-9CA8A7C82366}
		{4A823FF2-8600-4674-9528-CFB1F6D2FECF} = {114F5AC3-FA3D-4FFB-8894-531B46875940}
		{6765EFBE-FB3F-4240-8DC0-0128E0893DC4} = {114F5AC3-FA3D-4FFB-8894-531B46875940}
		{DFD6291F-ED34-43FE-8CEF-66006653B60C} = {2F07D41A-CAC0-46AD-B5CC-9CA8A7C82366}
		{52004C5A-C05C-464A-BB8B-12373640D95C} = {DFD6291F-ED34-43FE-8CEF-66006653B60C}
		{C9DBF4F0-C931-474D-A6E3-78A8E6FE4D1D} = {2F07D41A-CAC0-46AD-B5CC-9CA8A7C82366}
		{32A4BCA8-5954-492A-A350-5221E08DA54D} = {C9DBF4F0-C931-474D-A6E3-78A8E6FE4D1D}
		{7A035DFB-0546-4E2F-8694-E6AAA0E98DA6} = {65478ABB-8AF4-4905-81A7-C402696CC2FE}
		{A7826174-308C-42AB-9F66-FDB01F123AA9} = {7A035DFB-0546-4E2F-8694-E6AAA0E98DA6}
		{2E58B73E-B216-448F-B24B-75BC7897F583} = {7A035DFB-0546-4E2F-8694-E6AAA0E98DA6}
		{ECD46BAB-E54E-43E8-843C-3E0D34853EE8} = {7A035DFB-0546-4E2F-8694-E6AAA0E98DA6}
		{F3FEAC81-9076-4E9B-AD19-68CDA422023C} = {A7826174-308C-42AB-9F66-FDB01F123AA9}
		{E498BA8C-6943-41B0-9E1B-DE3B6901EF7E} = {A7826174-308C-42AB-9F66-FDB01F123AA9}
		{4A9E7483-F154-4F56-9D08-CADA967650F0} = {2E58B73E-B216-448F-B24B-75BC7897F583}
		{EF759A57-6749-425E-804A-7650BE249364} = {2E58B73E-B216-448F-B24B-75BC7897F583}
		{CAB67B81-DD1E-49A7-839E-3352205CEB22} = {ECD46BAB-E54E-43E8-843C-3E0D34853EE8}
		{75218035-1D04-4F8E-A0F5-1A485436E79F} = {2E58B73E-B216-448F-B24B-75BC7897F583}
		{1E8D9BE6-CA30-4FED-A3E9-DC1F74F6290D} = {DFD6291F-ED34-43FE-8CEF-66006653B60C}
		{BCA8F8FC-D8EE-46ED-B055-1D6A8E0B8479} = {DFD6291F-ED34-43FE-8CEF-66006653B60C}
		{88C7F527-8421-489C-9E4A-F0D51B8F732E} = {65478ABB-8AF4-4905-81A7-C402696CC2FE}
		{6F9D5E5D-8EEB-40A5-AD6C-3752EA2EEAA7} = {88C7F527-8421-489C-9E4A-F0D51B8F732E}
		{FBC91003-0182-4E77-8439-2CD970BC82DC} = {88C7F527-8421-489C-9E4A-F0D51B8F732E}
		{AFB7C747-44B4-4D0E-9CB8-29E5FC4B29A8} = {88C7F527-8421-489C-9E4A-F0D51B8F732E}
		{5DAF9C90-5DA7-47C7-8F59-E9A6382C268F} = {6F9D5E5D-8EEB-40A5-AD6C-3752EA2EEAA7}
		{5D5CE389-4072-4067-A236-69CDBA8FF152} = {6F9D5E5D-8EEB-40A5-AD6C-3752EA2EEAA7}
		{ECD284EF-9953-4C34-9675-EAD44A2A4ADC} = {FBC91003-0182-4E77-8439-2CD970BC82DC}
		{7A2226D9-1230-41ED-B837-8DB97B8B1EA7} = {AFB7C747-44B4-4D0E-9CB8-29E5FC4B29A8}
		{64984AE1-BD7B-4EBB-AF06-E84C4A210199} = {AF6EC0BA-F5DC-4FCD-9463-4543F4370A4E}
		{14F1C665-9881-41D2-B35C-1C8C13ED5D5D} = {64984AE1-BD7B-4EBB-AF06-E84C4A210199}
		{9519C9E6-A3D7-4B24-A3DA-725496E718D4} = {D05CAC8F-111D-48BA-9D27-FAA675C5E37A}
		{6EBD0DE9-2CC0-43BC-BC36-F6422E28A6FE} = {AF6EC0BA-F5DC-4FCD-9463-4543F4370A4E}
		{C5E44557-7F8F-45F2-90BC-C5BECBE492D9} = {6EBD0DE9-2CC0-43BC-BC36-F6422E28A6FE}
		{D1F91B7C-756A-40EE-A38F-208F9F769309} = {C5E44557-7F8F-45F2-90BC-C5BECBE492D9}
		{A26702C3-0F81-4733-B58A-04AF8468D68A} = {D1F91B7C-756A-40EE-A38F-208F9F769309}
		{41A08B90-289B-40A5-AF50-E3FED6FE7680} = {C5E44557-7F8F-45F2-90BC-C5BECBE492D9}
		{04B5F883-6C64-489F-97D1-B5B2A48B0233} = {C5E44557-7F8F-45F2-90BC-C5BECBE492D9}
		{CD92A949-3739-4E31-BA5E-39F39DCA0A24} = {04B5F883-6C64-489F-97D1-B5B2A48B0233}
		{BEECD051-7E93-4ACF-A8C6-F94F2BF6128D} = {41A08B90-289B-40A5-AF50-E3FED6FE7680}
	EndGlobalSection
	GlobalSection(ExtensibilityGlobals) = postSolution
		SolutionGuid = {14330AAA-58B9-43EB-875B-4AC2EC96B1E4}
	EndGlobalSection
EndGlobal
